// !$*UTF8*$!
{
	archiveVersion = 1;
	classes = {
	};
	objectVersion = 50;
	objects = {

/* Begin PBXBuildFile section */
		62935B9E20DDF003005B11A8 /* AppDelegate.swift in Sources */ = {isa = PBXBuildFile; fileRef = 62935B9D20DDF003005B11A8 /* AppDelegate.swift */; };
		62935BA020DDF003005B11A8 /* ViewController.swift in Sources */ = {isa = PBXBuildFile; fileRef = 62935B9F20DDF003005B11A8 /* ViewController.swift */; };
		62935BA320DDF003005B11A8 /* Main.storyboard in Resources */ = {isa = PBXBuildFile; fileRef = 62935BA120DDF003005B11A8 /* Main.storyboard */; };
		62935BA520DDF006005B11A8 /* Assets.xcassets in Resources */ = {isa = PBXBuildFile; fileRef = 62935BA420DDF006005B11A8 /* Assets.xcassets */; };
		62935BA820DDF006005B11A8 /* LaunchScreen.storyboard in Resources */ = {isa = PBXBuildFile; fileRef = 62935BA620DDF006005B11A8 /* LaunchScreen.storyboard */; };
		62935BB320DDF006005B11A8 /* grade_finderTests.swift in Sources */ = {isa = PBXBuildFile; fileRef = 62935BB220DDF006005B11A8 /* grade_finderTests.swift */; };
/* End PBXBuildFile section */

/* Begin PBXContainerItemProxy section */
		62935BAF20DDF006005B11A8 /* PBXContainerItemProxy */ = {
			isa = PBXContainerItemProxy;
			containerPortal = 62935B9220DDF003005B11A8 /* Project object */;
			proxyType = 1;
			remoteGlobalIDString = 62935B9920DDF003005B11A8;
			remoteInfo = grade_finder;
		};
/* End PBXContainerItemProxy section */

/* Begin PBXFileReference section */
		62935B9A20DDF003005B11A8 /* grade_finder.app */ = {isa = PBXFileReference; explicitFileType = wrapper.application; includeInIndex = 0; path = grade_finder.app; sourceTree = BUILT_PRODUCTS_DIR; };
		62935B9D20DDF003005B11A8 /* AppDelegate.swift */ = {isa = PBXFileReference; lastKnownFileType = sourcecode.swift; path = AppDelegate.swift; sourceTree = "<group>"; };
		62935B9F20DDF003005B11A8 /* ViewController.swift */ = {isa = PBXFileReference; lastKnownFileType = sourcecode.swift; path = ViewController.swift; sourceTree = "<group>"; };
		62935BA220DDF003005B11A8 /* Base */ = {isa = PBXFileReference; lastKnownFileType = file.storyboard; name = Base; path = Base.lproj/Main.storyboard; sourceTree = "<group>"; };
		62935BA420DDF006005B11A8 /* Assets.xcassets */ = {isa = PBXFileReference; lastKnownFileType = folder.assetcatalog; path = Assets.xcassets; sourceTree = "<group>"; };
		62935BA720DDF006005B11A8 /* Base */ = {isa = PBXFileReference; lastKnownFileType = file.storyboard; name = Base; path = Base.lproj/LaunchScreen.storyboard; sourceTree = "<group>"; };
		62935BA920DDF006005B11A8 /* Info.plist */ = {isa = PBXFileReference; lastKnownFileType = text.plist.xml; path = Info.plist; sourceTree = "<group>"; };
		62935BAE20DDF006005B11A8 /* grade_finderTests.xctest */ = {isa = PBXFileReference; explicitFileType = wrapper.cfbundle; includeInIndex = 0; path = grade_finderTests.xctest; sourceTree = BUILT_PRODUCTS_DIR; };
		62935BB220DDF006005B11A8 /* grade_finderTests.swift */ = {isa = PBXFileReference; lastKnownFileType = sourcecode.swift; path = grade_finderTests.swift; sourceTree = "<group>"; };
		62935BB420DDF006005B11A8 /* Info.plist */ = {isa = PBXFileReference; lastKnownFileType = text.plist.xml; path = Info.plist; sourceTree = "<group>"; };
/* End PBXFileReference section */

/* Begin PBXFrameworksBuildPhase section */
		62935B9720DDF003005B11A8 /* Frameworks */ = {
			isa = PBXFrameworksBuildPhase;
			buildActionMask = 2147483647;
			files = (
			);
			runOnlyForDeploymentPostprocessing = 0;
		};
		62935BAB20DDF006005B11A8 /* Frameworks */ = {
			isa = PBXFrameworksBuildPhase;
			buildActionMask = 2147483647;
			files = (
			);
			runOnlyForDeploymentPostprocessing = 0;
		};
/* End PBXFrameworksBuildPhase section */

/* Begin PBXGroup section */
		62935B9120DDF003005B11A8 = {
			isa = PBXGroup;
			children = (
				62935B9C20DDF003005B11A8 /* grade_finder */,
				62935BB120DDF006005B11A8 /* grade_finderTests */,
				62935B9B20DDF003005B11A8 /* Products */,
			);
			sourceTree = "<group>";
		};
		62935B9B20DDF003005B11A8 /* Products */ = {
			isa = PBXGroup;
			children = (
				62935B9A20DDF003005B11A8 /* grade_finder.app */,
				62935BAE20DDF006005B11A8 /* grade_finderTests.xctest */,
			);
			name = Products;
			sourceTree = "<group>";
		};
		62935B9C20DDF003005B11A8 /* grade_finder */ = {
			isa = PBXGroup;
			children = (
				62935B9D20DDF003005B11A8 /* AppDelegate.swift */,
				62935B9F20DDF003005B11A8 /* ViewController.swift */,
				62935BA120DDF003005B11A8 /* Main.storyboard */,
				62935BA420DDF006005B11A8 /* Assets.xcassets */,
				62935BA620DDF006005B11A8 /* LaunchScreen.storyboard */,
				62935BA920DDF006005B11A8 /* Info.plist */,
			);
			path = grade_finder;
			sourceTree = "<group>";
		};
		62935BB120DDF006005B11A8 /* grade_finderTests */ = {
			isa = PBXGroup;
			children = (
				62935BB220DDF006005B11A8 /* grade_finderTests.swift */,
				62935BB420DDF006005B11A8 /* Info.plist */,
			);
			path = grade_finderTests;
			sourceTree = "<group>";
		};
/* End PBXGroup section */

/* Begin PBXNativeTarget section */
		62935B9920DDF003005B11A8 /* grade_finder */ = {
			isa = PBXNativeTarget;
			buildConfigurationList = 62935BB720DDF006005B11A8 /* Build configuration list for PBXNativeTarget "grade_finder" */;
			buildPhases = (
				62935B9620DDF003005B11A8 /* Sources */,
				62935B9720DDF003005B11A8 /* Frameworks */,
				62935B9820DDF003005B11A8 /* Resources */,
			);
			buildRules = (
			);
			dependencies = (
			);
			name = grade_finder;
			productName = grade_finder;
			productReference = 62935B9A20DDF003005B11A8 /* grade_finder.app */;
			productType = "com.apple.product-type.application";
		};
		62935BAD20DDF006005B11A8 /* grade_finderTests */ = {
			isa = PBXNativeTarget;
			buildConfigurationList = 62935BBA20DDF006005B11A8 /* Build configuration list for PBXNativeTarget "grade_finderTests" */;
			buildPhases = (
				62935BAA20DDF006005B11A8 /* Sources */,
				62935BAB20DDF006005B11A8 /* Frameworks */,
				62935BAC20DDF006005B11A8 /* Resources */,
			);
			buildRules = (
			);
			dependencies = (
				62935BB020DDF006005B11A8 /* PBXTargetDependency */,
			);
			name = grade_finderTests;
			productName = grade_finderTests;
			productReference = 62935BAE20DDF006005B11A8 /* grade_finderTests.xctest */;
			productType = "com.apple.product-type.bundle.unit-test";
		};
/* End PBXNativeTarget section */

/* Begin PBXProject section */
		62935B9220DDF003005B11A8 /* Project object */ = {
			isa = PBXProject;
			attributes = {
				LastSwiftUpdateCheck = 0940;
				LastUpgradeCheck = 0940;
				ORGANIZATIONNAME = "Etai Plushnick";
				TargetAttributes = {
					62935B9920DDF003005B11A8 = {
						CreatedOnToolsVersion = 9.4.1;
					};
					62935BAD20DDF006005B11A8 = {
						CreatedOnToolsVersion = 9.4.1;
						TestTargetID = 62935B9920DDF003005B11A8;
					};
				};
			};
			buildConfigurationList = 62935B9520DDF003005B11A8 /* Build configuration list for PBXProject "grade_finder" */;
			compatibilityVersion = "Xcode 9.3";
			developmentRegion = en;
			hasScannedForEncodings = 0;
			knownRegions = (
				en,
				Base,
			);
			mainGroup = 62935B9120DDF003005B11A8;
			productRefGroup = 62935B9B20DDF003005B11A8 /* Products */;
			projectDirPath = "";
			projectRoot = "";
			targets = (
				62935B9920DDF003005B11A8 /* grade_finder */,
				62935BAD20DDF006005B11A8 /* grade_finderTests */,
			);
		};
/* End PBXProject section */

/* Begin PBXResourcesBuildPhase section */
		62935B9820DDF003005B11A8 /* Resources */ = {
			isa = PBXResourcesBuildPhase;
			buildActionMask = 2147483647;
			files = (
				62935BA820DDF006005B11A8 /* LaunchScreen.storyboard in Resources */,
				62935BA520DDF006005B11A8 /* Assets.xcassets in Resources */,
				62935BA320DDF003005B11A8 /* Main.storyboard in Resources */,
			);
			runOnlyForDeploymentPostprocessing = 0;
		};
		62935BAC20DDF006005B11A8 /* Resources */ = {
			isa = PBXResourcesBuildPhase;
			buildActionMask = 2147483647;
			files = (
			);
			runOnlyForDeploymentPostprocessing = 0;
		};
/* End PBXResourcesBuildPhase section */

/* Begin PBXSourcesBuildPhase section */
		62935B9620DDF003005B11A8 /* Sources */ = {
			isa = PBXSourcesBuildPhase;
			buildActionMask = 2147483647;
			files = (
				62935BA020DDF003005B11A8 /* ViewController.swift in Sources */,
				62935B9E20DDF003005B11A8 /* AppDelegate.swift in Sources */,
			);
			runOnlyForDeploymentPostprocessing = 0;
		};
		62935BAA20DDF006005B11A8 /* Sources */ = {
			isa = PBXSourcesBuildPhase;
			buildActionMask = 2147483647;
			files = (
				62935BB320DDF006005B11A8 /* grade_finderTests.swift in Sources */,
			);
			runOnlyForDeploymentPostprocessing = 0;
		};
/* End PBXSourcesBuildPhase section */

/* Begin PBXTargetDependency section */
		62935BB020DDF006005B11A8 /* PBXTargetDependency */ = {
			isa = PBXTargetDependency;
			target = 62935B9920DDF003005B11A8 /* grade_finder */;
			targetProxy = 62935BAF20DDF006005B11A8 /* PBXContainerItemProxy */;
		};
/* End PBXTargetDependency section */

/* Begin PBXVariantGroup section */
		62935BA120DDF003005B11A8 /* Main.storyboard */ = {
			isa = PBXVariantGroup;
			children = (
				62935BA220DDF003005B11A8 /* Base */,
			);
			name = Main.storyboard;
			sourceTree = "<group>";
		};
		62935BA620DDF006005B11A8 /* LaunchScreen.storyboard */ = {
			isa = PBXVariantGroup;
			children = (
				62935BA720DDF006005B11A8 /* Base */,
			);
			name = LaunchScreen.storyboard;
			sourceTree = "<group>";
		};
/* End PBXVariantGroup section */

/* Begin XCBuildConfiguration section */
		62935BB520DDF006005B11A8 /* Debug */ = {
			isa = XCBuildConfiguration;
			buildSettings = {
				ALWAYS_SEARCH_USER_PATHS = NO;
				CLANG_ANALYZER_NONNULL = YES;
				CLANG_ANALYZER_NUMBER_OBJECT_CONVERSION = YES_AGGRESSIVE;
				CLANG_CXX_LANGUAGE_STANDARD = "gnu++14";
				CLANG_CXX_LIBRARY = "libc++";
				CLANG_ENABLE_MODULES = YES;
				CLANG_ENABLE_OBJC_ARC = YES;
				CLANG_ENABLE_OBJC_WEAK = YES;
				CLANG_WARN_BLOCK_CAPTURE_AUTORELEASING = YES;
				CLANG_WARN_BOOL_CONVERSION = YES;
				CLANG_WARN_COMMA = YES;
				CLANG_WARN_CONSTANT_CONVERSION = YES;
				CLANG_WARN_DEPRECATED_OBJC_IMPLEMENTATIONS = YES;
				CLANG_WARN_DIRECT_OBJC_ISA_USAGE = YES_ERROR;
				CLANG_WARN_DOCUMENTATION_COMMENTS = YES;
				CLANG_WARN_EMPTY_BODY = YES;
				CLANG_WARN_ENUM_CONVERSION = YES;
				CLANG_WARN_INFINITE_RECURSION = YES;
				CLANG_WARN_INT_CONVERSION = YES;
				CLANG_WARN_NON_LITERAL_NULL_CONVERSION = YES;
				CLANG_WARN_OBJC_IMPLICIT_RETAIN_SELF = YES;
				CLANG_WARN_OBJC_LITERAL_CONVERSION = YES;
				CLANG_WARN_OBJC_ROOT_CLASS = YES_ERROR;
				CLANG_WARN_RANGE_LOOP_ANALYSIS = YES;
				CLANG_WARN_STRICT_PROTOTYPES = YES;
				CLANG_WARN_SUSPICIOUS_MOVE = YES;
				CLANG_WARN_UNGUARDED_AVAILABILITY = YES_AGGRESSIVE;
				CLANG_WARN_UNREACHABLE_CODE = YES;
				CLANG_WARN__DUPLICATE_METHOD_MATCH = YES;
				CODE_SIGN_IDENTITY = "iPhone Developer";
				COPY_PHASE_STRIP = NO;
				DEBUG_INFORMATION_FORMAT = dwarf;
				ENABLE_STRICT_OBJC_MSGSEND = YES;
				ENABLE_TESTABILITY = YES;
				GCC_C_LANGUAGE_STANDARD = gnu11;
				GCC_DYNAMIC_NO_PIC = NO;
				GCC_NO_COMMON_BLOCKS = YES;
				GCC_OPTIMIZATION_LEVEL = 0;
				GCC_PREPROCESSOR_DEFINITIONS = (
					"DEBUG=1",
					"$(inherited)",
				);
				GCC_WARN_64_TO_32_BIT_CONVERSION = YES;
				GCC_WARN_ABOUT_RETURN_TYPE = YES_ERROR;
				GCC_WARN_UNDECLARED_SELECTOR = YES;
				GCC_WARN_UNINITIALIZED_AUTOS = YES_AGGRESSIVE;
				GCC_WARN_UNUSED_FUNCTION = YES;
				GCC_WARN_UNUSED_VARIABLE = YES;
				IPHONEOS_DEPLOYMENT_TARGET = 11.4;
				MTL_ENABLE_DEBUG_INFO = YES;
				ONLY_ACTIVE_ARCH = YES;
				SDKROOT = iphoneos;
				SWIFT_ACTIVE_COMPILATION_CONDITIONS = DEBUG;
				SWIFT_OPTIMIZATION_LEVEL = "-Onone";
			};
			name = Debug;
		};
		62935BB620DDF006005B11A8 /* Release */ = {
			isa = XCBuildConfiguration;
			buildSettings = {
				ALWAYS_SEARCH_USER_PATHS = NO;
				CLANG_ANALYZER_NONNULL = YES;
				CLANG_ANALYZER_NUMBER_OBJECT_CONVERSION = YES_AGGRESSIVE;
				CLANG_CXX_LANGUAGE_STANDARD = "gnu++14";
				CLANG_CXX_LIBRARY = "libc++";
				CLANG_ENABLE_MODULES = YES;
				CLANG_ENABLE_OBJC_ARC = YES;
				CLANG_ENABLE_OBJC_WEAK = YES;
				CLANG_WARN_BLOCK_CAPTURE_AUTORELEASING = YES;
				CLANG_WARN_BOOL_CONVERSION = YES;
				CLANG_WARN_COMMA = YES;
				CLANG_WARN_CONSTANT_CONVERSION = YES;
				CLANG_WARN_DEPRECATED_OBJC_IMPLEMENTATIONS = YES;
				CLANG_WARN_DIRECT_OBJC_ISA_USAGE = YES_ERROR;
				CLANG_WARN_DOCUMENTATION_COMMENTS = YES;
				CLANG_WARN_EMPTY_BODY = YES;
				CLANG_WARN_ENUM_CONVERSION = YES;
				CLANG_WARN_INFINITE_RECURSION = YES;
				CLANG_WARN_INT_CONVERSION = YES;
				CLANG_WARN_NON_LITERAL_NULL_CONVERSION = YES;
				CLANG_WARN_OBJC_IMPLICIT_RETAIN_SELF = YES;
				CLANG_WARN_OBJC_LITERAL_CONVERSION = YES;
				CLANG_WARN_OBJC_ROOT_CLASS = YES_ERROR;
				CLANG_WARN_RANGE_LOOP_ANALYSIS = YES;
				CLANG_WARN_STRICT_PROTOTYPES = YES;
				CLANG_WARN_SUSPICIOUS_MOVE = YES;
				CLANG_WARN_UNGUARDED_AVAILABILITY = YES_AGGRESSIVE;
				CLANG_WARN_UNREACHABLE_CODE = YES;
				CLANG_WARN__DUPLICATE_METHOD_MATCH = YES;
				CODE_SIGN_IDENTITY = "iPhone Developer";
				COPY_PHASE_STRIP = NO;
				DEBUG_INFORMATION_FORMAT = "dwarf-with-dsym";
				ENABLE_NS_ASSERTIONS = NO;
				ENABLE_STRICT_OBJC_MSGSEND = YES;
				GCC_C_LANGUAGE_STANDARD = gnu11;
				GCC_NO_COMMON_BLOCKS = YES;
				GCC_WARN_64_TO_32_BIT_CONVERSION = YES;
				GCC_WARN_ABOUT_RETURN_TYPE = YES_ERROR;
				GCC_WARN_UNDECLARED_SELECTOR = YES;
				GCC_WARN_UNINITIALIZED_AUTOS = YES_AGGRESSIVE;
				GCC_WARN_UNUSED_FUNCTION = YES;
				GCC_WARN_UNUSED_VARIABLE = YES;
				IPHONEOS_DEPLOYMENT_TARGET = 11.4;
				MTL_ENABLE_DEBUG_INFO = NO;
				SDKROOT = iphoneos;
				SWIFT_COMPILATION_MODE = wholemodule;
				SWIFT_OPTIMIZATION_LEVEL = "-O";
				VALIDATE_PRODUCT = YES;
			};
			name = Release;
		};
		62935BB820DDF006005B11A8 /* Debug */ = {
			isa = XCBuildConfiguration;
			buildSettings = {
				ASSETCATALOG_COMPILER_APPICON_NAME = AppIcon;
				CODE_SIGN_STYLE = Automatic;
				INFOPLIST_FILE = grade_finder/Info.plist;
				LD_RUNPATH_SEARCH_PATHS = (
					"$(inherited)",
					"@executable_path/Frameworks",
				);
				PRODUCT_BUNDLE_IDENTIFIER = "com.example.grade-finder";
				PRODUCT_NAME = "$(TARGET_NAME)";
				SWIFT_VERSION = 4.0;
				TARGETED_DEVICE_FAMILY = "1,2";
			};
			name = Debug;
		};
		62935BB920DDF006005B11A8 /* Release */ = {
			isa = XCBuildConfiguration;
			buildSettings = {
				ASSETCATALOG_COMPILER_APPICON_NAME = AppIcon;
				CODE_SIGN_STYLE = Automatic;
				INFOPLIST_FILE = grade_finder/Info.plist;
				LD_RUNPATH_SEARCH_PATHS = (
					"$(inherited)",
					"@executable_path/Frameworks",
				);
				PRODUCT_BUNDLE_IDENTIFIER = "com.example.grade-finder";
				PRODUCT_NAME = "$(TARGET_NAME)";
				SWIFT_VERSION = 4.0;
				TARGETED_DEVICE_FAMILY = "1,2";
			};
			name = Release;
		};
		62935BBB20DDF006005B11A8 /* Debug */ = {
			isa = XCBuildConfiguration;
			buildSettings = {
				ALWAYS_EMBED_SWIFT_STANDARD_LIBRARIES = YES;
				BUNDLE_LOADER = "$(TEST_HOST)";
				CODE_SIGN_STYLE = Automatic;
				INFOPLIST_FILE = grade_finderTests/Info.plist;
				LD_RUNPATH_SEARCH_PATHS = (
					"$(inherited)",
					"@executable_path/Frameworks",
					"@loader_path/Frameworks",
				);
				PRODUCT_BUNDLE_IDENTIFIER = "com.example.grade-finderTests";
				PRODUCT_NAME = "$(TARGET_NAME)";
				SWIFT_VERSION = 4.0;
				TARGETED_DEVICE_FAMILY = "1,2";
				TEST_HOST = "$(BUILT_PRODUCTS_DIR)/grade_finder.app/grade_finder";
			};
			name = Debug;
		};
		62935BBC20DDF006005B11A8 /* Release */ = {
			isa = XCBuildConfiguration;
			buildSettings = {
				ALWAYS_EMBED_SWIFT_STANDARD_LIBRARIES = YES;
				BUNDLE_LOADER = "$(TEST_HOST)";
				CODE_SIGN_STYLE = Automatic;
				INFOPLIST_FILE = grade_finderTests/Info.plist;
				LD_RUNPATH_SEARCH_PATHS = (
					"$(inherited)",
					"@executable_path/Frameworks",
					"@loader_path/Frameworks",
				);
				PRODUCT_BUNDLE_IDENTIFIER = "com.example.grade-finderTests";
				PRODUCT_NAME = "$(TARGET_NAME)";
				SWIFT_VERSION = 4.0;
				TARGETED_DEVICE_FAMILY = "1,2";
				TEST_HOST = "$(BUILT_PRODUCTS_DIR)/grade_finder.app/grade_finder";
			};
			name = Release;
		};
/* End XCBuildConfiguration section */

/* Begin XCConfigurationList section */
		62935B9520DDF003005B11A8 /* Build configuration list for PBXProject "grade_finder" */ = {
			isa = XCConfigurationList;
			buildConfigurations = (
				62935BB520DDF006005B11A8 /* Debug */,
				62935BB620DDF006005B11A8 /* Release */,
			);
			defaultConfigurationIsVisible = 0;
			defaultConfigurationName = Release;
		};
		62935BB720DDF006005B11A8 /* Build configuration list for PBXNativeTarget "grade_finder" */ = {
			isa = XCConfigurationList;
			buildConfigurations = (
				62935BB820DDF006005B11A8 /* Debug */,
				62935BB920DDF006005B11A8 /* Release */,
			);
			defaultConfigurationIsVisible = 0;
			defaultConfigurationName = Release;
		};
		62935BBA20DDF006005B11A8 /* Build configuration list for PBXNativeTarget "grade_finderTests" */ = {
			isa = XCConfigurationList;
			buildConfigurations = (
				62935BBB20DDF006005B11A8 /* Debug */,
				62935BBC20DDF006005B11A8 /* Release */,
			);
			defaultConfigurationIsVisible = 0;
			defaultConfigurationName = Release;
		};
/* End XCConfigurationList section */
	};
	rootObject = 62935B9220DDF003005B11A8 /* Project object */;
}
